# This file is automatically @generated by Cargo.
# It is not intended for manual editing.
version = 3

[[package]]
name = "cairo-lang-macro"
version = "0.0.1"
dependencies = [
 "cairo-lang-macro-attributes",
 "cairo-lang-macro-stable",
 "linkme",
]

[[package]]
name = "cairo-lang-macro-attributes"
version = "0.0.1"
dependencies = [
 "quote",
 "scarb-stable-hash",
 "syn",
]

[[package]]
name = "cairo-lang-macro-stable"
version = "1.0.0"

[[package]]
name = "data-encoding"
version = "2.5.0"
source = "registry+https://github.com/rust-lang/crates.io-index"
checksum = "7e962a19be5cfc3f3bf6dd8f61eb50107f356ad6270fbb3ed41476571db78be5"

[[package]]
name = "indoc"
version = "2.0.5"
source = "registry+https://github.com/rust-lang/crates.io-index"
checksum = "b248f5224d1d606005e02c97f5aa4e88eeb230488bcc03bc9ca4d7991399f2b5"

[[package]]
name = "linkme"
version = "0.3.25"
source = "registry+https://github.com/rust-lang/crates.io-index"
checksum = "bb2cfee0de9bd869589fb9a015e155946d1be5ff415cb844c2caccc6cc4b5db9"
dependencies = [
 "linkme-impl",
]

[[package]]
name = "linkme-impl"
version = "0.3.25"
source = "registry+https://github.com/rust-lang/crates.io-index"
checksum = "adf157a4dc5a29b7b464aa8fe7edeff30076e07e13646a1c3874f58477dc99f8"
dependencies = [
 "proc-macro2",
 "quote",
 "syn",
]

[[package]]
name = "proc-macro2"
version = "1.0.78"
source = "registry+https://github.com/rust-lang/crates.io-index"
checksum = "e2422ad645d89c99f8f3e6b88a9fdeca7fabeac836b1002371c4367c8f984aae"
dependencies = [
 "unicode-ident",
]

[[package]]
name = "quote"
version = "1.0.35"
source = "registry+https://github.com/rust-lang/crates.io-index"
checksum = "291ec9ab5efd934aaf503a6466c5d5251535d108ee747472c3977cc5acc868ef"
dependencies = [
 "proc-macro2",
]

[[package]]
name = "scarb-stable-hash"
version = "1.0.0"
dependencies = [
 "data-encoding",
 "xxhash-rust",
]

[[package]]
name = "some"
version = "0.1.0"
dependencies = [
 "cairo-lang-macro",
 "cairo-lang-macro-stable",
 "indoc",
]

[[package]]
name = "syn"
version = "2.0.51"
source = "registry+https://github.com/rust-lang/crates.io-index"
checksum = "6ab617d94515e94ae53b8406c628598680aa0c9587474ecbe58188f7b345d66c"
dependencies = [
 "proc-macro2",
 "quote",
 "unicode-ident",
]

[[package]]
name = "unicode-ident"
version = "1.0.12"
source = "registry+https://github.com/rust-lang/crates.io-index"
checksum = "3354b9ac3fae1ff6755cb6db53683adb661634f67557942dea4facebec0fee4b"

[[package]]
name = "xxhash-rust"
version = "0.8.10"
source = "registry+https://github.com/rust-lang/crates.io-index"
checksum = "927da81e25be1e1a2901d59b81b37dd2efd1fc9c9345a55007f09bf5a2d3ee03"
